
Microsoft Visual Studio Solution File, Format Version 12.00
# Visual Studio 15
VisualStudioVersion = 15.0.28010.2003
MinimumVisualStudioVersion = 10.0.40219.1
Project("{9A19103F-16F7-4668-BE54-9A1E7A4F7556}") = "InverseCaptcha", "InverseCaptcha\InverseCaptcha.csproj", "{2C1E62A1-05EA-4B22-BA53-235B61CC0F4A}"
EndProject
Project("{FAE04EC0-301F-11D3-BF4B-00C04F79EFBC}") = "InverseCaptchaTest", "InverseCaptchaTest\InverseCaptchaTest.csproj", "{F9F013EB-E4FA-4ED5-8772-4B52297CD15C}"
EndProject
Global
	GlobalSection(SolutionConfigurationPlatforms) = preSolution
		Debug|Any CPU = Debug|Any CPU
		Release|Any CPU = Release|Any CPU
	EndGlobalSection
	GlobalSection(ProjectConfigurationPlatforms) = postSolution
		{2C1E62A1-05EA-4B22-BA53-235B61CC0F4A}.Debug|Any CPU.ActiveCfg = Debug|Any CPU
		{2C1E62A1-05EA-4B22-BA53-235B61CC0F4A}.Debug|Any CPU.Build.0 = Debug|Any CPU
		{2C1E62A1-05EA-4B22-BA53-235B61CC0F4A}.Release|Any CPU.ActiveCfg = Release|Any CPU
		{2C1E62A1-05EA-4B22-BA53-235B61CC0F4A}.Release|Any CPU.Build.0 = Release|Any CPU
		{F9F013EB-E4FA-4ED5-8772-4B52297CD15C}.Debug|Any CPU.ActiveCfg = Debug|Any CPU
		{F9F013EB-E4FA-4ED5-8772-4B52297CD15C}.Debug|Any CPU.Build.0 = Debug|Any CPU
		{F9F013EB-E4FA-4ED5-8772-4B52297CD15C}.Release|Any CPU.ActiveCfg = Release|Any CPU
		{F9F013EB-E4FA-4ED5-8772-4B52297CD15C}.Release|Any CPU.Build.0 = Release|Any CPU
	EndGlobalSection
	GlobalSection(SolutionProperties) = preSolution
		HideSolutionNode = FALSE
	EndGlobalSection
	GlobalSection(ExtensibilityGlobals) = postSolution
		SolutionGuid = {D63F5309-7060-444B-BD0A-5905E080B6BC}
	EndGlobalSection
EndGlobal
